
Microsoft Visual Studio Solution File, Format Version 12.00
# Visual Studio Version 17
VisualStudioVersion = 17.9.34728.123
MinimumVisualStudioVersion = 10.0.40219.1
Project("{FAE04EC0-301F-11D3-BF4B-00C04F79EFBC}") = "back", "back.csproj", "{88CED6E9-7FBD-4015-9C03-6E67CB95A65C}"
EndProject
Global
	GlobalSection(SolutionConfigurationPlatforms) = preSolution
		Debug|Any CPU = Debug|Any CPU
		Release|Any CPU = Release|Any CPU
	EndGlobalSection
	GlobalSection(ProjectConfigurationPlatforms) = postSolution
		{88CED6E9-7FBD-4015-9C03-6E67CB95A65C}.Debug|Any CPU.ActiveCfg = Debug|Any CPU
		{88CED6E9-7FBD-4015-9C03-6E67CB95A65C}.Debug|Any CPU.Build.0 = Debug|Any CPU
		{88CED6E9-7FBD-4015-9C03-6E67CB95A65C}.Release|Any CPU.ActiveCfg = Release|Any CPU
		{88CED6E9-7FBD-4015-9C03-6E67CB95A65C}.Release|Any CPU.Build.0 = Release|Any CPU
	EndGlobalSection
	GlobalSection(SolutionProperties) = preSolution
		HideSolutionNode = FALSE
	EndGlobalSection
	GlobalSection(ExtensibilityGlobals) = postSolution
		SolutionGuid = {7F6D575C-005D-4CAA-90E1-BCBC20FCC65D}
	EndGlobalSection
EndGlobal
